
Microsoft Visual Studio Solution File, Format Version 12.00
# Visual Studio Version 16
VisualStudioVersion = 16.0.31205.134
MinimumVisualStudioVersion = 10.0.40219.1
Project("{FAE04EC0-301F-11D3-BF4B-00C04F79EFBC}") = "MeatPi.Web", "MeatPi.Web\MeatPi.Web.csproj", "{6DE189B7-C0FB-4201-A14B-A4E6E486196D}"
EndProject
Global
	GlobalSection(SolutionConfigurationPlatforms) = preSolution
		Debug|Any CPU = Debug|Any CPU
		Release|Any CPU = Release|Any CPU
	EndGlobalSection
	GlobalSection(ProjectConfigurationPlatforms) = postSolution
		{6DE189B7-C0FB-4201-A14B-A4E6E486196D}.Debug|Any CPU.ActiveCfg = Debug|Any CPU
		{6DE189B7-C0FB-4201-A14B-A4E6E486196D}.Debug|Any CPU.Build.0 = Debug|Any CPU
		{6DE189B7-C0FB-4201-A14B-A4E6E486196D}.Release|Any CPU.ActiveCfg = Release|Any CPU
		{6DE189B7-C0FB-4201-A14B-A4E6E486196D}.Release|Any CPU.Build.0 = Release|Any CPU
	EndGlobalSection
	GlobalSection(SolutionProperties) = preSolution
		HideSolutionNode = FALSE
	EndGlobalSection
	GlobalSection(ExtensibilityGlobals) = postSolution
		SolutionGuid = {99C60BF1-78E1-49FC-ABD7-92F3983A8651}
	EndGlobalSection
EndGlobal
